// !$*UTF8*$!
{
	archiveVersion = 1;
	classes = {
	};
	objectVersion = 52;
	objects = {

/* Begin PBXBuildFile section */
		AA1C843C240CDD090082F452 /* AppDelegate.swift in Sources */ = {isa = PBXBuildFile; fileRef = AA1C843B240CDD090082F452 /* AppDelegate.swift */; };
		AA1C843E240CDD090082F452 /* SceneDelegate.swift in Sources */ = {isa = PBXBuildFile; fileRef = AA1C843D240CDD090082F452 /* SceneDelegate.swift */; };
		AA1C8440240CDD090082F452 /* ContentView.swift in Sources */ = {isa = PBXBuildFile; fileRef = AA1C843F240CDD090082F452 /* ContentView.swift */; };
		AA1C8442240CDD090082F452 /* Assets.xcassets in Resources */ = {isa = PBXBuildFile; fileRef = AA1C8441240CDD090082F452 /* Assets.xcassets */; };
		AA1C8445240CDD090082F452 /* Preview Assets.xcassets in Resources */ = {isa = PBXBuildFile; fileRef = AA1C8444240CDD090082F452 /* Preview Assets.xcassets */; };
		AA1C8448240CDD090082F452 /* LaunchScreen.storyboard in Resources */ = {isa = PBXBuildFile; fileRef = AA1C8446240CDD090082F452 /* LaunchScreen.storyboard */; };
		AA24DA5C25D8E2B2009C17C8 /* mac_exampleApp.swift in Sources */ = {isa = PBXBuildFile; fileRef = AA24DA5B25D8E2B2009C17C8 /* mac_exampleApp.swift */; };
		AA24DA5E25D8E2B2009C17C8 /* ContentView.swift in Sources */ = {isa = PBXBuildFile; fileRef = AA24DA5D25D8E2B2009C17C8 /* ContentView.swift */; };
		AA24DA6025D8E2B4009C17C8 /* Assets.xcassets in Resources */ = {isa = PBXBuildFile; fileRef = AA24DA5F25D8E2B4009C17C8 /* Assets.xcassets */; };
		AA24DA6325D8E2B4009C17C8 /* Preview Assets.xcassets in Resources */ = {isa = PBXBuildFile; fileRef = AA24DA6225D8E2B4009C17C8 /* Preview Assets.xcassets */; };
		AA24DA6E25D8E308009C17C8 /* Neumorphic in Frameworks */ = {isa = PBXBuildFile; productRef = AA24DA6D25D8E308009C17C8 /* Neumorphic */; };
		AA5420E925847A7A007A3665 /* SoftSwitchToggleDemoView.swift in Sources */ = {isa = PBXBuildFile; fileRef = AA5420E825847A7A007A3665 /* SoftSwitchToggleDemoView.swift */; };
		AA5ABDD624E0B3EF00622BAF /* SoftButtonDemoView.swift in Sources */ = {isa = PBXBuildFile; fileRef = AA5ABDD524E0B3EF00622BAF /* SoftButtonDemoView.swift */; };
		AAB9DDA82480D0500047A0DC /* Neumorphic in Frameworks */ = {isa = PBXBuildFile; productRef = AAB9DDA72480D0500047A0DC /* Neumorphic */; };
		AAEAE0CF258315AA00D79970 /* SoftToggleDemoView.swift in Sources */ = {isa = PBXBuildFile; fileRef = AAEAE0CE258315AA00D79970 /* SoftToggleDemoView.swift */; };
/* End PBXBuildFile section */

/* Begin PBXFileReference section */
		AA1C8438240CDD090082F452 /* ios-example.app */ = {isa = PBXFileReference; explicitFileType = wrapper.application; includeInIndex = 0; path = "ios-example.app"; sourceTree = BUILT_PRODUCTS_DIR; };
		AA1C843B240CDD090082F452 /* AppDelegate.swift */ = {isa = PBXFileReference; lastKnownFileType = sourcecode.swift; path = AppDelegate.swift; sourceTree = "<group>"; };
		AA1C843D240CDD090082F452 /* SceneDelegate.swift */ = {isa = PBXFileReference; lastKnownFileType = sourcecode.swift; path = SceneDelegate.swift; sourceTree = "<group>"; };
		AA1C843F240CDD090082F452 /* ContentView.swift */ = {isa = PBXFileReference; lastKnownFileType = sourcecode.swift; path = ContentView.swift; sourceTree = "<group>"; };
		AA1C8441240CDD090082F452 /* Assets.xcassets */ = {isa = PBXFileReference; lastKnownFileType = folder.assetcatalog; path = Assets.xcassets; sourceTree = "<group>"; };
		AA1C8444240CDD090082F452 /* Preview Assets.xcassets */ = {isa = PBXFileReference; lastKnownFileType = folder.assetcatalog; path = "Preview Assets.xcassets"; sourceTree = "<group>"; };
		AA1C8447240CDD090082F452 /* Base */ = {isa = PBXFileReference; lastKnownFileType = file.storyboard; name = Base; path = Base.lproj/LaunchScreen.storyboard; sourceTree = "<group>"; };
		AA1C8449240CDD090082F452 /* Info.plist */ = {isa = PBXFileReference; lastKnownFileType = text.plist.xml; path = Info.plist; sourceTree = "<group>"; };
		AA24DA5925D8E2B2009C17C8 /* mac-example.app */ = {isa = PBXFileReference; explicitFileType = wrapper.application; includeInIndex = 0; path = "mac-example.app"; sourceTree = BUILT_PRODUCTS_DIR; };
		AA24DA5B25D8E2B2009C17C8 /* mac_exampleApp.swift */ = {isa = PBXFileReference; lastKnownFileType = sourcecode.swift; path = mac_exampleApp.swift; sourceTree = "<group>"; };
		AA24DA5D25D8E2B2009C17C8 /* ContentView.swift */ = {isa = PBXFileReference; lastKnownFileType = sourcecode.swift; path = ContentView.swift; sourceTree = "<group>"; };
		AA24DA5F25D8E2B4009C17C8 /* Assets.xcassets */ = {isa = PBXFileReference; lastKnownFileType = folder.assetcatalog; path = Assets.xcassets; sourceTree = "<group>"; };
		AA24DA6225D8E2B4009C17C8 /* Preview Assets.xcassets */ = {isa = PBXFileReference; lastKnownFileType = folder.assetcatalog; path = "Preview Assets.xcassets"; sourceTree = "<group>"; };
		AA24DA6425D8E2B4009C17C8 /* Info.plist */ = {isa = PBXFileReference; lastKnownFileType = text.plist.xml; path = Info.plist; sourceTree = "<group>"; };
		AA24DA6525D8E2B4009C17C8 /* mac_example.entitlements */ = {isa = PBXFileReference; lastKnownFileType = text.plist.entitlements; path = mac_example.entitlements; sourceTree = "<group>"; };
		AA5420E825847A7A007A3665 /* SoftSwitchToggleDemoView.swift */ = {isa = PBXFileReference; lastKnownFileType = sourcecode.swift; path = SoftSwitchToggleDemoView.swift; sourceTree = "<group>"; };
		AA5ABDD524E0B3EF00622BAF /* SoftButtonDemoView.swift */ = {isa = PBXFileReference; lastKnownFileType = sourcecode.swift; path = SoftButtonDemoView.swift; sourceTree = "<group>"; };
		AAB9DDA62480D03B0047A0DC /* neumorphic */ = {isa = PBXFileReference; lastKnownFileType = folder; name = neumorphic; path = ..; sourceTree = "<group>"; };
		AAEAE0CE258315AA00D79970 /* SoftToggleDemoView.swift */ = {isa = PBXFileReference; lastKnownFileType = sourcecode.swift; path = SoftToggleDemoView.swift; sourceTree = "<group>"; };
/* End PBXFileReference section */

/* Begin PBXFrameworksBuildPhase section */
		AA1C8435240CDD090082F452 /* Frameworks */ = {
			isa = PBXFrameworksBuildPhase;
			buildActionMask = 2147483647;
			files = (
				AAB9DDA82480D0500047A0DC /* Neumorphic in Frameworks */,
			);
			runOnlyForDeploymentPostprocessing = 0;
		};
		AA24DA5625D8E2B2009C17C8 /* Frameworks */ = {
			isa = PBXFrameworksBuildPhase;
			buildActionMask = 2147483647;
			files = (
				AA24DA6E25D8E308009C17C8 /* Neumorphic in Frameworks */,
			);
			runOnlyForDeploymentPostprocessing = 0;
		};
/* End PBXFrameworksBuildPhase section */

/* Begin PBXGroup section */
		AA1C842F240CDD090082F452 = {
			isa = PBXGroup;
			children = (
				AAB9DDA62480D03B0047A0DC /* neumorphic */,
				AA1C843A240CDD090082F452 /* ios-example */,
				AA24DA5A25D8E2B2009C17C8 /* mac-example */,
				AA1C8439240CDD090082F452 /* Products */,
				AA1C844F240CDFC20082F452 /* Frameworks */,
			);
			sourceTree = "<group>";
		};
		AA1C8439240CDD090082F452 /* Products */ = {
			isa = PBXGroup;
			children = (
				AA1C8438240CDD090082F452 /* ios-example.app */,
				AA24DA5925D8E2B2009C17C8 /* mac-example.app */,
			);
			name = Products;
			sourceTree = "<group>";
		};
		AA1C843A240CDD090082F452 /* ios-example */ = {
			isa = PBXGroup;
			children = (
				AA1C843B240CDD090082F452 /* AppDelegate.swift */,
				AA1C843D240CDD090082F452 /* SceneDelegate.swift */,
				AA1C843F240CDD090082F452 /* ContentView.swift */,
				AA5ABDD524E0B3EF00622BAF /* SoftButtonDemoView.swift */,
				AAEAE0CE258315AA00D79970 /* SoftToggleDemoView.swift */,
				AA5420E825847A7A007A3665 /* SoftSwitchToggleDemoView.swift */,
				AA1C8441240CDD090082F452 /* Assets.xcassets */,
				AA1C8446240CDD090082F452 /* LaunchScreen.storyboard */,
				AA1C8449240CDD090082F452 /* Info.plist */,
				AA1C8443240CDD090082F452 /* Preview Content */,
			);
			path = "ios-example";
			sourceTree = "<group>";
		};
		AA1C8443240CDD090082F452 /* Preview Content */ = {
			isa = PBXGroup;
			children = (
				AA1C8444240CDD090082F452 /* Preview Assets.xcassets */,
			);
			path = "Preview Content";
			sourceTree = "<group>";
		};
		AA1C844F240CDFC20082F452 /* Frameworks */ = {
			isa = PBXGroup;
			children = (
			);
			name = Frameworks;
			sourceTree = "<group>";
		};
		AA24DA5A25D8E2B2009C17C8 /* mac-example */ = {
			isa = PBXGroup;
			children = (
				AA24DA5B25D8E2B2009C17C8 /* mac_exampleApp.swift */,
				AA24DA5D25D8E2B2009C17C8 /* ContentView.swift */,
				AA24DA5F25D8E2B4009C17C8 /* Assets.xcassets */,
				AA24DA6425D8E2B4009C17C8 /* Info.plist */,
				AA24DA6525D8E2B4009C17C8 /* mac_example.entitlements */,
				AA24DA6125D8E2B4009C17C8 /* Preview Content */,
			);
			path = "mac-example";
			sourceTree = "<group>";
		};
		AA24DA6125D8E2B4009C17C8 /* Preview Content */ = {
			isa = PBXGroup;
			children = (
				AA24DA6225D8E2B4009C17C8 /* Preview Assets.xcassets */,
			);
			path = "Preview Content";
			sourceTree = "<group>";
		};
/* End PBXGroup section */

/* Begin PBXNativeTarget section */
		AA1C8437240CDD090082F452 /* ios-example */ = {
			isa = PBXNativeTarget;
			buildConfigurationList = AA1C844C240CDD090082F452 /* Build configuration list for PBXNativeTarget "ios-example" */;
			buildPhases = (
				AA1C8434240CDD090082F452 /* Sources */,
				AA1C8435240CDD090082F452 /* Frameworks */,
				AA1C8436240CDD090082F452 /* Resources */,
			);
			buildRules = (
			);
			dependencies = (
			);
			name = "ios-example";
			packageProductDependencies = (
				AAB9DDA72480D0500047A0DC /* Neumorphic */,
			);
			productName = "neumorphic-ios-example";
			productReference = AA1C8438240CDD090082F452 /* ios-example.app */;
			productType = "com.apple.product-type.application";
		};
		AA24DA5825D8E2B2009C17C8 /* mac-example */ = {
			isa = PBXNativeTarget;
			buildConfigurationList = AA24DA6825D8E2B4009C17C8 /* Build configuration list for PBXNativeTarget "mac-example" */;
			buildPhases = (
				AA24DA5525D8E2B2009C17C8 /* Sources */,
				AA24DA5625D8E2B2009C17C8 /* Frameworks */,
				AA24DA5725D8E2B2009C17C8 /* Resources */,
			);
			buildRules = (
			);
			dependencies = (
			);
			name = "mac-example";
			packageProductDependencies = (
				AA24DA6D25D8E308009C17C8 /* Neumorphic */,
			);
			productName = "mac-example";
			productReference = AA24DA5925D8E2B2009C17C8 /* mac-example.app */;
			productType = "com.apple.product-type.application";
		};
/* End PBXNativeTarget section */

/* Begin PBXProject section */
		AA1C8430240CDD090082F452 /* Project object */ = {
			isa = PBXProject;
			attributes = {
				LastSwiftUpdateCheck = 1240;
				LastUpgradeCheck = 1120;
				ORGANIZATIONNAME = "Costa Chung";
				TargetAttributes = {
					AA1C8437240CDD090082F452 = {
						CreatedOnToolsVersion = 11.2.1;
					};
					AA24DA5825D8E2B2009C17C8 = {
						CreatedOnToolsVersion = 12.4;
					};
				};
			};
			buildConfigurationList = AA1C8433240CDD090082F452 /* Build configuration list for PBXProject "neumorphic-examples" */;
			compatibilityVersion = "Xcode 9.3";
			developmentRegion = en;
			hasScannedForEncodings = 0;
			knownRegions = (
				en,
				Base,
			);
			mainGroup = AA1C842F240CDD090082F452;
			productRefGroup = AA1C8439240CDD090082F452 /* Products */;
			projectDirPath = "";
			projectRoot = "";
			targets = (
				AA1C8437240CDD090082F452 /* ios-example */,
				AA24DA5825D8E2B2009C17C8 /* mac-example */,
			);
		};
/* End PBXProject section */

/* Begin PBXResourcesBuildPhase section */
		AA1C8436240CDD090082F452 /* Resources */ = {
			isa = PBXResourcesBuildPhase;
			buildActionMask = 2147483647;
			files = (
				AA1C8448240CDD090082F452 /* LaunchScreen.storyboard in Resources */,
				AA1C8445240CDD090082F452 /* Preview Assets.xcassets in Resources */,
				AA1C8442240CDD090082F452 /* Assets.xcassets in Resources */,
			);
			runOnlyForDeploymentPostprocessing = 0;
		};
		AA24DA5725D8E2B2009C17C8 /* Resources */ = {
			isa = PBXResourcesBuildPhase;
			buildActionMask = 2147483647;
			files = (
				AA24DA6325D8E2B4009C17C8 /* Preview Assets.xcassets in Resources */,
				AA24DA6025D8E2B4009C17C8 /* Assets.xcassets in Resources */,
			);
			runOnlyForDeploymentPostprocessing = 0;
		};
/* End PBXResourcesBuildPhase section */

/* Begin PBXSourcesBuildPhase section */
		AA1C8434240CDD090082F452 /* Sources */ = {
			isa = PBXSourcesBuildPhase;
			buildActionMask = 2147483647;
			files = (
				AA1C843C240CDD090082F452 /* AppDelegate.swift in Sources */,
				AA5420E925847A7A007A3665 /* SoftSwitchToggleDemoView.swift in Sources */,
				AA1C843E240CDD090082F452 /* SceneDelegate.swift in Sources */,
				AA1C8440240CDD090082F452 /* ContentView.swift in Sources */,
				AA5ABDD624E0B3EF00622BAF /* SoftButtonDemoView.swift in Sources */,
				AAEAE0CF258315AA00D79970 /* SoftToggleDemoView.swift in Sources */,
			);
			runOnlyForDeploymentPostprocessing = 0;
		};
		AA24DA5525D8E2B2009C17C8 /* Sources */ = {
			isa = PBXSourcesBuildPhase;
			buildActionMask = 2147483647;
			files = (
				AA24DA5E25D8E2B2009C17C8 /* ContentView.swift in Sources */,
				AA24DA5C25D8E2B2009C17C8 /* mac_exampleApp.swift in Sources */,
			);
			runOnlyForDeploymentPostprocessing = 0;
		};
/* End PBXSourcesBuildPhase section */

/* Begin PBXVariantGroup section */
		AA1C8446240CDD090082F452 /* LaunchScreen.storyboard */ = {
			isa = PBXVariantGroup;
			children = (
				AA1C8447240CDD090082F452 /* Base */,
			);
			name = LaunchScreen.storyboard;
			sourceTree = "<group>";
		};
/* End PBXVariantGroup section */

/* Begin XCBuildConfiguration section */
		AA1C844A240CDD090082F452 /* Debug */ = {
			isa = XCBuildConfiguration;
			buildSettings = {
				ALWAYS_SEARCH_USER_PATHS = NO;
				CLANG_ANALYZER_NONNULL = YES;
				CLANG_ANALYZER_NUMBER_OBJECT_CONVERSION = YES_AGGRESSIVE;
				CLANG_CXX_LANGUAGE_STANDARD = "gnu++14";
				CLANG_CXX_LIBRARY = "libc++";
				CLANG_ENABLE_MODULES = YES;
				CLANG_ENABLE_OBJC_ARC = YES;
				CLANG_ENABLE_OBJC_WEAK = YES;
				CLANG_WARN_BLOCK_CAPTURE_AUTORELEASING = YES;
				CLANG_WARN_BOOL_CONVERSION = YES;
				CLANG_WARN_COMMA = YES;
				CLANG_WARN_CONSTANT_CONVERSION = YES;
				CLANG_WARN_DEPRECATED_OBJC_IMPLEMENTATIONS = YES;
				CLANG_WARN_DIRECT_OBJC_ISA_USAGE = YES_ERROR;
				CLANG_WARN_DOCUMENTATION_COMMENTS = YES;
				CLANG_WARN_EMPTY_BODY = YES;
				CLANG_WARN_ENUM_CONVERSION = YES;
				CLANG_WARN_INFINITE_RECURSION = YES;
				CLANG_WARN_INT_CONVERSION = YES;
				CLANG_WARN_NON_LITERAL_NULL_CONVERSION = YES;
				CLANG_WARN_OBJC_IMPLICIT_RETAIN_SELF = YES;
				CLANG_WARN_OBJC_LITERAL_CONVERSION = YES;
				CLANG_WARN_OBJC_ROOT_CLASS = YES_ERROR;
				CLANG_WARN_RANGE_LOOP_ANALYSIS = YES;
				CLANG_WARN_STRICT_PROTOTYPES = YES;
				CLANG_WARN_SUSPICIOUS_MOVE = YES;
				CLANG_WARN_UNGUARDED_AVAILABILITY = YES_AGGRESSIVE;
				CLANG_WARN_UNREACHABLE_CODE = YES;
				CLANG_WARN__DUPLICATE_METHOD_MATCH = YES;
				COPY_PHASE_STRIP = NO;
				DEBUG_INFORMATION_FORMAT = dwarf;
				ENABLE_STRICT_OBJC_MSGSEND = YES;
				ENABLE_TESTABILITY = YES;
				GCC_C_LANGUAGE_STANDARD = gnu11;
				GCC_DYNAMIC_NO_PIC = NO;
				GCC_NO_COMMON_BLOCKS = YES;
				GCC_OPTIMIZATION_LEVEL = 0;
				GCC_PREPROCESSOR_DEFINITIONS = (
					"DEBUG=1",
					"$(inherited)",
				);
				GCC_WARN_64_TO_32_BIT_CONVERSION = YES;
				GCC_WARN_ABOUT_RETURN_TYPE = YES_ERROR;
				GCC_WARN_UNDECLARED_SELECTOR = YES;
				GCC_WARN_UNINITIALIZED_AUTOS = YES_AGGRESSIVE;
				GCC_WARN_UNUSED_FUNCTION = YES;
				GCC_WARN_UNUSED_VARIABLE = YES;
				IPHONEOS_DEPLOYMENT_TARGET = 14.0;
				MTL_ENABLE_DEBUG_INFO = INCLUDE_SOURCE;
				MTL_FAST_MATH = YES;
				ONLY_ACTIVE_ARCH = YES;
				SDKROOT = iphoneos;
				SWIFT_ACTIVE_COMPILATION_CONDITIONS = DEBUG;
				SWIFT_OPTIMIZATION_LEVEL = "-Onone";
			};
			name = Debug;
		};
		AA1C844B240CDD090082F452 /* Release */ = {
			isa = XCBuildConfiguration;
			buildSettings = {
				ALWAYS_SEARCH_USER_PATHS = NO;
				CLANG_ANALYZER_NONNULL = YES;
				CLANG_ANALYZER_NUMBER_OBJECT_CONVERSION = YES_AGGRESSIVE;
				CLANG_CXX_LANGUAGE_STANDARD = "gnu++14";
				CLANG_CXX_LIBRARY = "libc++";
				CLANG_ENABLE_MODULES = YES;
				CLANG_ENABLE_OBJC_ARC = YES;
				CLANG_ENABLE_OBJC_WEAK = YES;
				CLANG_WARN_BLOCK_CAPTURE_AUTORELEASING = YES;
				CLANG_WARN_BOOL_CONVERSION = YES;
				CLANG_WARN_COMMA = YES;
				CLANG_WARN_CONSTANT_CONVERSION = YES;
				CLANG_WARN_DEPRECATED_OBJC_IMPLEMENTATIONS = YES;
				CLANG_WARN_DIRECT_OBJC_ISA_USAGE = YES_ERROR;
				CLANG_WARN_DOCUMENTATION_COMMENTS = YES;
				CLANG_WARN_EMPTY_BODY = YES;
				CLANG_WARN_ENUM_CONVERSION = YES;
				CLANG_WARN_INFINITE_RECURSION = YES;
				CLANG_WARN_INT_CONVERSION = YES;
				CLANG_WARN_NON_LITERAL_NULL_CONVERSION = YES;
				CLANG_WARN_OBJC_IMPLICIT_RETAIN_SELF = YES;
				CLANG_WARN_OBJC_LITERAL_CONVERSION = YES;
				CLANG_WARN_OBJC_ROOT_CLASS = YES_ERROR;
				CLANG_WARN_RANGE_LOOP_ANALYSIS = YES;
				CLANG_WARN_STRICT_PROTOTYPES = YES;
				CLANG_WARN_SUSPICIOUS_MOVE = YES;
				CLANG_WARN_UNGUARDED_AVAILABILITY = YES_AGGRESSIVE;
				CLANG_WARN_UNREACHABLE_CODE = YES;
				CLANG_WARN__DUPLICATE_METHOD_MATCH = YES;
				COPY_PHASE_STRIP = NO;
				DEBUG_INFORMATION_FORMAT = "dwarf-with-dsym";
				ENABLE_NS_ASSERTIONS = NO;
				ENABLE_STRICT_OBJC_MSGSEND = YES;
				GCC_C_LANGUAGE_STANDARD = gnu11;
				GCC_NO_COMMON_BLOCKS = YES;
				GCC_WARN_64_TO_32_BIT_CONVERSION = YES;
				GCC_WARN_ABOUT_RETURN_TYPE = YES_ERROR;
				GCC_WARN_UNDECLARED_SELECTOR = YES;
				GCC_WARN_UNINITIALIZED_AUTOS = YES_AGGRESSIVE;
				GCC_WARN_UNUSED_FUNCTION = YES;
				GCC_WARN_UNUSED_VARIABLE = YES;
				IPHONEOS_DEPLOYMENT_TARGET = 14.0;
				MTL_ENABLE_DEBUG_INFO = NO;
				MTL_FAST_MATH = YES;
				SDKROOT = iphoneos;
				SWIFT_COMPILATION_MODE = wholemodule;
				SWIFT_OPTIMIZATION_LEVEL = "-O";
				VALIDATE_PRODUCT = YES;
			};
			name = Release;
		};
		AA1C844D240CDD090082F452 /* Debug */ = {
			isa = XCBuildConfiguration;
			buildSettings = {
				ASSETCATALOG_COMPILER_APPICON_NAME = AppIcon;
				CODE_SIGN_STYLE = Manual;
				DEVELOPMENT_ASSET_PATHS = "\"ios-example/Preview Content\"";
				ENABLE_PREVIEWS = YES;
				FRAMEWORK_SEARCH_PATHS = "";
				INFOPLIST_FILE = "ios-example/Info.plist";
				LD_RUNPATH_SEARCH_PATHS = (
					"$(inherited)",
					"@executable_path/Frameworks",
				);
				PRODUCT_BUNDLE_IDENTIFIER = "neumorphic.ios-example";
				PRODUCT_NAME = "$(TARGET_NAME)";
				SWIFT_VERSION = 5.0;
				TARGETED_DEVICE_FAMILY = "1,2";
			};
			name = Debug;
		};
		AA1C844E240CDD090082F452 /* Release */ = {
			isa = XCBuildConfiguration;
			buildSettings = {
				ASSETCATALOG_COMPILER_APPICON_NAME = AppIcon;
				CODE_SIGN_STYLE = Manual;
				DEVELOPMENT_ASSET_PATHS = "\"ios-example/Preview Content\"";
				ENABLE_PREVIEWS = YES;
				FRAMEWORK_SEARCH_PATHS = "";
				INFOPLIST_FILE = "ios-example/Info.plist";
				LD_RUNPATH_SEARCH_PATHS = (
					"$(inherited)",
					"@executable_path/Frameworks",
				);
				PRODUCT_BUNDLE_IDENTIFIER = "neumorphic.ios-example";
				PRODUCT_NAME = "$(TARGET_NAME)";
				SWIFT_VERSION = 5.0;
				TARGETED_DEVICE_FAMILY = "1,2";
			};
			name = Release;
		};
		AA24DA6625D8E2B4009C17C8 /* Debug */ = {
			isa = XCBuildConfiguration;
			buildSettings = {
				ASSETCATALOG_COMPILER_APPICON_NAME = AppIcon;
				ASSETCATALOG_COMPILER_GLOBAL_ACCENT_COLOR_NAME = AccentColor;
				CLANG_WARN_QUOTED_INCLUDE_IN_FRAMEWORK_HEADER = YES;
				CODE_SIGN_ENTITLEMENTS = "mac-example/mac_example.entitlements";
				CODE_SIGN_STYLE = Manual;
				COMBINE_HIDPI_IMAGES = YES;
				DEVELOPMENT_ASSET_PATHS = "\"mac-example/Preview Content\"";
				DEVELOPMENT_TEAM = "";
				ENABLE_PREVIEWS = YES;
				INFOPLIST_FILE = "mac-example/Info.plist";
				LD_RUNPATH_SEARCH_PATHS = (
					"$(inherited)",
					"@executable_path/../Frameworks",
				);
				MACOSX_DEPLOYMENT_TARGET = 11.0;
				PRODUCT_BUNDLE_IDENTIFIER = "neumorphic.mac-example";
				PRODUCT_NAME = "$(TARGET_NAME)";
				PROVISIONING_PROFILE_SPECIFIER = "";
				SDKROOT = macosx;
				SWIFT_VERSION = 5.0;
			};
			name = Debug;
		};
		AA24DA6725D8E2B4009C17C8 /* Release */ = {
			isa = XCBuildConfiguration;
			buildSettings = {
				ASSETCATALOG_COMPILER_APPICON_NAME = AppIcon;
				ASSETCATALOG_COMPILER_GLOBAL_ACCENT_COLOR_NAME = AccentColor;
				CLANG_WARN_QUOTED_INCLUDE_IN_FRAMEWORK_HEADER = YES;
				CODE_SIGN_ENTITLEMENTS = "mac-example/mac_example.entitlements";
				CODE_SIGN_STYLE = Manual;
				COMBINE_HIDPI_IMAGES = YES;
				DEVELOPMENT_ASSET_PATHS = "\"mac-example/Preview Content\"";
				DEVELOPMENT_TEAM = "";
				ENABLE_PREVIEWS = YES;
				INFOPLIST_FILE = "mac-example/Info.plist";
				LD_RUNPATH_SEARCH_PATHS = (
					"$(inherited)",
					"@executable_path/../Frameworks",
				);
				MACOSX_DEPLOYMENT_TARGET = 11.0;
				PRODUCT_BUNDLE_IDENTIFIER = "neumorphic.mac-example";
				PRODUCT_NAME = "$(TARGET_NAME)";
				PROVISIONING_PROFILE_SPECIFIER = "";
				SDKROOT = macosx;
				SWIFT_VERSION = 5.0;
			};
			name = Release;
		};
/* End XCBuildConfiguration section */

/* Begin XCConfigurationList section */
		AA1C8433240CDD090082F452 /* Build configuration list for PBXProject "neumorphic-examples" */ = {
			isa = XCConfigurationList;
			buildConfigurations = (
				AA1C844A240CDD090082F452 /* Debug */,
				AA1C844B240CDD090082F452 /* Release */,
			);
			defaultConfigurationIsVisible = 0;
			defaultConfigurationName = Release;
		};
		AA1C844C240CDD090082F452 /* Build configuration list for PBXNativeTarget "ios-example" */ = {
			isa = XCConfigurationList;
			buildConfigurations = (
				AA1C844D240CDD090082F452 /* Debug */,
				AA1C844E240CDD090082F452 /* Release */,
			);
			defaultConfigurationIsVisible = 0;
			defaultConfigurationName = Release;
		};
		AA24DA6825D8E2B4009C17C8 /* Build configuration list for PBXNativeTarget "mac-example" */ = {
			isa = XCConfigurationList;
			buildConfigurations = (
				AA24DA6625D8E2B4009C17C8 /* Debug */,
				AA24DA6725D8E2B4009C17C8 /* Release */,
			);
			defaultConfigurationIsVisible = 0;
			defaultConfigurationName = Release;
		};
/* End XCConfigurationList section */

/* Begin XCSwiftPackageProductDependency section */
		AA24DA6D25D8E308009C17C8 /* Neumorphic */ = {
			isa = XCSwiftPackageProductDependency;
			productName = Neumorphic;
		};
		AAB9DDA72480D0500047A0DC /* Neumorphic */ = {
			isa = XCSwiftPackageProductDependency;
			productName = Neumorphic;
		};
/* End XCSwiftPackageProductDependency section */
	};
	rootObject = AA1C8430240CDD090082F452 /* Project object */;
}
